
Microsoft Visual Studio Solution File, Format Version 12.00
# Visual Studio 2013
VisualStudioVersion = 12.0.21005.1
MinimumVisualStudioVersion = 10.0.40219.1
Project("{FAE04EC0-301F-11D3-BF4B-00C04F79EFBC}") = "StarCollectorServer", "StartCollectorServer\StarCollectorServer.csproj", "{3FA0E009-C9DA-4DAE-B2D2-1E368CD7F7AD}"
EndProject
Project("{FAE04EC0-301F-11D3-BF4B-00C04F79EFBC}") = "LMLiblary", "LMLiblary\LMLiblary.csproj", "{91467D0D-A88C-4F94-9FF2-72A881B5633B}"
EndProject
Project("{FAE04EC0-301F-11D3-BF4B-00C04F79EFBC}") = "TestConsoleProject", "TestConsoleProject\TestConsoleProject.csproj", "{AEB6BC64-CEB4-4865-BD65-B0124DB225C5}"
EndProject
Project("{FAE04EC0-301F-11D3-BF4B-00C04F79EFBC}") = "MMOServer", "MMOServer\MMOServer.csproj", "{131322BE-25B1-49E8-8365-3D40CB92D49F}"
EndProject
Global
	GlobalSection(SolutionConfigurationPlatforms) = preSolution
		Debug|Any CPU = Debug|Any CPU
		Release|Any CPU = Release|Any CPU
	EndGlobalSection
	GlobalSection(ProjectConfigurationPlatforms) = postSolution
		{3FA0E009-C9DA-4DAE-B2D2-1E368CD7F7AD}.Debug|Any CPU.ActiveCfg = Debug|Any CPU
		{3FA0E009-C9DA-4DAE-B2D2-1E368CD7F7AD}.Debug|Any CPU.Build.0 = Debug|Any CPU
		{3FA0E009-C9DA-4DAE-B2D2-1E368CD7F7AD}.Release|Any CPU.ActiveCfg = Release|Any CPU
		{3FA0E009-C9DA-4DAE-B2D2-1E368CD7F7AD}.Release|Any CPU.Build.0 = Release|Any CPU
		{91467D0D-A88C-4F94-9FF2-72A881B5633B}.Debug|Any CPU.ActiveCfg = Debug|Any CPU
		{91467D0D-A88C-4F94-9FF2-72A881B5633B}.Debug|Any CPU.Build.0 = Debug|Any CPU
		{91467D0D-A88C-4F94-9FF2-72A881B5633B}.Release|Any CPU.ActiveCfg = Release|Any CPU
		{91467D0D-A88C-4F94-9FF2-72A881B5633B}.Release|Any CPU.Build.0 = Release|Any CPU
		{AEB6BC64-CEB4-4865-BD65-B0124DB225C5}.Debug|Any CPU.ActiveCfg = Debug|Any CPU
		{AEB6BC64-CEB4-4865-BD65-B0124DB225C5}.Debug|Any CPU.Build.0 = Debug|Any CPU
		{AEB6BC64-CEB4-4865-BD65-B0124DB225C5}.Release|Any CPU.ActiveCfg = Release|Any CPU
		{AEB6BC64-CEB4-4865-BD65-B0124DB225C5}.Release|Any CPU.Build.0 = Release|Any CPU
		{131322BE-25B1-49E8-8365-3D40CB92D49F}.Debug|Any CPU.ActiveCfg = Debug|Any CPU
		{131322BE-25B1-49E8-8365-3D40CB92D49F}.Debug|Any CPU.Build.0 = Debug|Any CPU
		{131322BE-25B1-49E8-8365-3D40CB92D49F}.Release|Any CPU.ActiveCfg = Release|Any CPU
		{131322BE-25B1-49E8-8365-3D40CB92D49F}.Release|Any CPU.Build.0 = Release|Any CPU
	EndGlobalSection
	GlobalSection(SolutionProperties) = preSolution
		HideSolutionNode = FALSE
	EndGlobalSection
EndGlobal
